
Microsoft Visual Studio Solution File, Format Version 12.00
# Visual Studio Version 16
VisualStudioVersion = 16.0.29926.136
MinimumVisualStudioVersion = 10.0.40219.1
Project("{9A19103F-16F7-4668-BE54-9A1E7A4F7556}") = "Taxi.Common", "Taxi.Common\Taxi.Common.csproj", "{0B2DB380-F0EE-40C2-8318-079ED48F212A}"
EndProject
Project("{9A19103F-16F7-4668-BE54-9A1E7A4F7556}") = "Taxi.Web", "Taxi.Web\Taxi.Web.csproj", "{D5FAD358-40CD-42BE-B7E4-46A023444CA8}"
EndProject
Project("{9A19103F-16F7-4668-BE54-9A1E7A4F7556}") = "Taxi.Prism", "Taxi.Prism\Taxi.Prism\Taxi.Prism.csproj", "{5D33B031-FE3D-4204-8946-F6A9A4C35E9E}"
EndProject
Project("{FAE04EC0-301F-11D3-BF4B-00C04F79EFBC}") = "Taxi.Prism.Android", "Taxi.Prism\Taxi.Prism.Android\Taxi.Prism.Android.csproj", "{2C817265-48DD-46F0-A31D-5E98FB5458DD}"
EndProject
Project("{FAE04EC0-301F-11D3-BF4B-00C04F79EFBC}") = "Taxi.Prism.iOS", "Taxi.Prism\Taxi.Prism.iOS\Taxi.Prism.iOS.csproj", "{C60CA978-45D3-43D1-8853-9A29E6801D88}"
EndProject
Project("{FAE04EC0-301F-11D3-BF4B-00C04F79EFBC}") = "Taxi.Cross.Android", "Taxi.Cross.Android\Taxi.Cross.Android.csproj", "{A53F4585-8B3A-45D8-A791-2AE034E7A839}"
EndProject
Project("{FAE04EC0-301F-11D3-BF4B-00C04F79EFBC}") = "Taxi.Cross.iOS", "Taxi.Cross.iOS\Taxi.Cross.iOS.csproj", "{CD5D63B0-C0C6-418D-B5DB-59FDAF7A65C5}"
EndProject
Global
	GlobalSection(SolutionConfigurationPlatforms) = preSolution
		Ad-Hoc|Any CPU = Ad-Hoc|Any CPU
		Ad-Hoc|iPhone = Ad-Hoc|iPhone
		Ad-Hoc|iPhoneSimulator = Ad-Hoc|iPhoneSimulator
		AppStore|Any CPU = AppStore|Any CPU
		AppStore|iPhone = AppStore|iPhone
		AppStore|iPhoneSimulator = AppStore|iPhoneSimulator
		Debug|Any CPU = Debug|Any CPU
		Debug|iPhone = Debug|iPhone
		Debug|iPhoneSimulator = Debug|iPhoneSimulator
		Release|Any CPU = Release|Any CPU
		Release|iPhone = Release|iPhone
		Release|iPhoneSimulator = Release|iPhoneSimulator
	EndGlobalSection
	GlobalSection(ProjectConfigurationPlatforms) = postSolution
		{0B2DB380-F0EE-40C2-8318-079ED48F212A}.Ad-Hoc|Any CPU.ActiveCfg = Release|Any CPU
		{0B2DB380-F0EE-40C2-8318-079ED48F212A}.Ad-Hoc|Any CPU.Build.0 = Release|Any CPU
		{0B2DB380-F0EE-40C2-8318-079ED48F212A}.Ad-Hoc|iPhone.ActiveCfg = Release|Any CPU
		{0B2DB380-F0EE-40C2-8318-079ED48F212A}.Ad-Hoc|iPhone.Build.0 = Release|Any CPU
		{0B2DB380-F0EE-40C2-8318-079ED48F212A}.Ad-Hoc|iPhoneSimulator.ActiveCfg = Release|Any CPU
		{0B2DB380-F0EE-40C2-8318-079ED48F212A}.Ad-Hoc|iPhoneSimulator.Build.0 = Release|Any CPU
		{0B2DB380-F0EE-40C2-8318-079ED48F212A}.AppStore|Any CPU.ActiveCfg = Release|Any CPU
		{0B2DB380-F0EE-40C2-8318-079ED48F212A}.AppStore|Any CPU.Build.0 = Release|Any CPU
		{0B2DB380-F0EE-40C2-8318-079ED48F212A}.AppStore|iPhone.ActiveCfg = Release|Any CPU
		{0B2DB380-F0EE-40C2-8318-079ED48F212A}.AppStore|iPhone.Build.0 = Release|Any CPU
		{0B2DB380-F0EE-40C2-8318-079ED48F212A}.AppStore|iPhoneSimulator.ActiveCfg = Release|Any CPU
		{0B2DB380-F0EE-40C2-8318-079ED48F212A}.AppStore|iPhoneSimulator.Build.0 = Release|Any CPU
		{0B2DB380-F0EE-40C2-8318-079ED48F212A}.Debug|Any CPU.ActiveCfg = Debug|Any CPU
		{0B2DB380-F0EE-40C2-8318-079ED48F212A}.Debug|Any CPU.Build.0 = Debug|Any CPU
		{0B2DB380-F0EE-40C2-8318-079ED48F212A}.Debug|iPhone.ActiveCfg = Debug|Any CPU
		{0B2DB380-F0EE-40C2-8318-079ED48F212A}.Debug|iPhone.Build.0 = Debug|Any CPU
		{0B2DB380-F0EE-40C2-8318-079ED48F212A}.Debug|iPhoneSimulator.ActiveCfg = Debug|Any CPU
		{0B2DB380-F0EE-40C2-8318-079ED48F212A}.Debug|iPhoneSimulator.Build.0 = Debug|Any CPU
		{0B2DB380-F0EE-40C2-8318-079ED48F212A}.Release|Any CPU.ActiveCfg = Release|Any CPU
		{0B2DB380-F0EE-40C2-8318-079ED48F212A}.Release|Any CPU.Build.0 = Release|Any CPU
		{0B2DB380-F0EE-40C2-8318-079ED48F212A}.Release|iPhone.ActiveCfg = Release|Any CPU
		{0B2DB380-F0EE-40C2-8318-079ED48F212A}.Release|iPhone.Build.0 = Release|Any CPU
		{0B2DB380-F0EE-40C2-8318-079ED48F212A}.Release|iPhoneSimulator.ActiveCfg = Release|Any CPU
		{0B2DB380-F0EE-40C2-8318-079ED48F212A}.Release|iPhoneSimulator.Build.0 = Release|Any CPU
		{D5FAD358-40CD-42BE-B7E4-46A023444CA8}.Ad-Hoc|Any CPU.ActiveCfg = Release|Any CPU
		{D5FAD358-40CD-42BE-B7E4-46A023444CA8}.Ad-Hoc|Any CPU.Build.0 = Release|Any CPU
		{D5FAD358-40CD-42BE-B7E4-46A023444CA8}.Ad-Hoc|iPhone.ActiveCfg = Release|Any CPU
		{D5FAD358-40CD-42BE-B7E4-46A023444CA8}.Ad-Hoc|iPhone.Build.0 = Release|Any CPU
		{D5FAD358-40CD-42BE-B7E4-46A023444CA8}.Ad-Hoc|iPhoneSimulator.ActiveCfg = Release|Any CPU
		{D5FAD358-40CD-42BE-B7E4-46A023444CA8}.Ad-Hoc|iPhoneSimulator.Build.0 = Release|Any CPU
		{D5FAD358-40CD-42BE-B7E4-46A023444CA8}.AppStore|Any CPU.ActiveCfg = Release|Any CPU
		{D5FAD358-40CD-42BE-B7E4-46A023444CA8}.AppStore|Any CPU.Build.0 = Release|Any CPU
		{D5FAD358-40CD-42BE-B7E4-46A023444CA8}.AppStore|iPhone.ActiveCfg = Release|Any CPU
		{D5FAD358-40CD-42BE-B7E4-46A023444CA8}.AppStore|iPhone.Build.0 = Release|Any CPU
		{D5FAD358-40CD-42BE-B7E4-46A023444CA8}.AppStore|iPhoneSimulator.ActiveCfg = Release|Any CPU
		{D5FAD358-40CD-42BE-B7E4-46A023444CA8}.AppStore|iPhoneSimulator.Build.0 = Release|Any CPU
		{D5FAD358-40CD-42BE-B7E4-46A023444CA8}.Debug|Any CPU.ActiveCfg = Debug|Any CPU
		{D5FAD358-40CD-42BE-B7E4-46A023444CA8}.Debug|Any CPU.Build.0 = Debug|Any CPU
		{D5FAD358-40CD-42BE-B7E4-46A023444CA8}.Debug|iPhone.ActiveCfg = Debug|Any CPU
		{D5FAD358-40CD-42BE-B7E4-46A023444CA8}.Debug|iPhone.Build.0 = Debug|Any CPU
		{D5FAD358-40CD-42BE-B7E4-46A023444CA8}.Debug|iPhoneSimulator.ActiveCfg = Debug|Any CPU
		{D5FAD358-40CD-42BE-B7E4-46A023444CA8}.Debug|iPhoneSimulator.Build.0 = Debug|Any CPU
		{D5FAD358-40CD-42BE-B7E4-46A023444CA8}.Release|Any CPU.ActiveCfg = Release|Any CPU
		{D5FAD358-40CD-42BE-B7E4-46A023444CA8}.Release|Any CPU.Build.0 = Release|Any CPU
		{D5FAD358-40CD-42BE-B7E4-46A023444CA8}.Release|iPhone.ActiveCfg = Release|Any CPU
		{D5FAD358-40CD-42BE-B7E4-46A023444CA8}.Release|iPhone.Build.0 = Release|Any CPU
		{D5FAD358-40CD-42BE-B7E4-46A023444CA8}.Release|iPhoneSimulator.ActiveCfg = Release|Any CPU
		{D5FAD358-40CD-42BE-B7E4-46A023444CA8}.Release|iPhoneSimulator.Build.0 = Release|Any CPU
		{5D33B031-FE3D-4204-8946-F6A9A4C35E9E}.Ad-Hoc|Any CPU.ActiveCfg = Debug|Any CPU
		{5D33B031-FE3D-4204-8946-F6A9A4C35E9E}.Ad-Hoc|Any CPU.Build.0 = Debug|Any CPU
		{5D33B031-FE3D-4204-8946-F6A9A4C35E9E}.Ad-Hoc|iPhone.ActiveCfg = Debug|Any CPU
		{5D33B031-FE3D-4204-8946-F6A9A4C35E9E}.Ad-Hoc|iPhone.Build.0 = Debug|Any CPU
		{5D33B031-FE3D-4204-8946-F6A9A4C35E9E}.Ad-Hoc|iPhoneSimulator.ActiveCfg = Debug|Any CPU
		{5D33B031-FE3D-4204-8946-F6A9A4C35E9E}.Ad-Hoc|iPhoneSimulator.Build.0 = Debug|Any CPU
		{5D33B031-FE3D-4204-8946-F6A9A4C35E9E}.AppStore|Any CPU.ActiveCfg = Debug|Any CPU
		{5D33B031-FE3D-4204-8946-F6A9A4C35E9E}.AppStore|Any CPU.Build.0 = Debug|Any CPU
		{5D33B031-FE3D-4204-8946-F6A9A4C35E9E}.AppStore|iPhone.ActiveCfg = Debug|Any CPU
		{5D33B031-FE3D-4204-8946-F6A9A4C35E9E}.AppStore|iPhone.Build.0 = Debug|Any CPU
		{5D33B031-FE3D-4204-8946-F6A9A4C35E9E}.AppStore|iPhoneSimulator.ActiveCfg = Debug|Any CPU
		{5D33B031-FE3D-4204-8946-F6A9A4C35E9E}.AppStore|iPhoneSimulator.Build.0 = Debug|Any CPU
		{5D33B031-FE3D-4204-8946-F6A9A4C35E9E}.Debug|Any CPU.ActiveCfg = Debug|Any CPU
		{5D33B031-FE3D-4204-8946-F6A9A4C35E9E}.Debug|Any CPU.Build.0 = Debug|Any CPU
		{5D33B031-FE3D-4204-8946-F6A9A4C35E9E}.Debug|iPhone.ActiveCfg = Debug|Any CPU
		{5D33B031-FE3D-4204-8946-F6A9A4C35E9E}.Debug|iPhone.Build.0 = Debug|Any CPU
		{5D33B031-FE3D-4204-8946-F6A9A4C35E9E}.Debug|iPhoneSimulator.ActiveCfg = Debug|Any CPU
		{5D33B031-FE3D-4204-8946-F6A9A4C35E9E}.Debug|iPhoneSimulator.Build.0 = Debug|Any CPU
		{5D33B031-FE3D-4204-8946-F6A9A4C35E9E}.Release|Any CPU.ActiveCfg = Release|Any CPU
		{5D33B031-FE3D-4204-8946-F6A9A4C35E9E}.Release|Any CPU.Build.0 = Release|Any CPU
		{5D33B031-FE3D-4204-8946-F6A9A4C35E9E}.Release|iPhone.ActiveCfg = Release|Any CPU
		{5D33B031-FE3D-4204-8946-F6A9A4C35E9E}.Release|iPhone.Build.0 = Release|Any CPU
		{5D33B031-FE3D-4204-8946-F6A9A4C35E9E}.Release|iPhoneSimulator.ActiveCfg = Release|Any CPU
		{5D33B031-FE3D-4204-8946-F6A9A4C35E9E}.Release|iPhoneSimulator.Build.0 = Release|Any CPU
		{2C817265-48DD-46F0-A31D-5E98FB5458DD}.Ad-Hoc|Any CPU.ActiveCfg = Release|Any CPU
		{2C817265-48DD-46F0-A31D-5E98FB5458DD}.Ad-Hoc|Any CPU.Build.0 = Release|Any CPU
		{2C817265-48DD-46F0-A31D-5E98FB5458DD}.Ad-Hoc|Any CPU.Deploy.0 = Release|Any CPU
		{2C817265-48DD-46F0-A31D-5E98FB5458DD}.Ad-Hoc|iPhone.ActiveCfg = Release|Any CPU
		{2C817265-48DD-46F0-A31D-5E98FB5458DD}.Ad-Hoc|iPhone.Build.0 = Release|Any CPU
		{2C817265-48DD-46F0-A31D-5E98FB5458DD}.Ad-Hoc|iPhone.Deploy.0 = Release|Any CPU
		{2C817265-48DD-46F0-A31D-5E98FB5458DD}.Ad-Hoc|iPhoneSimulator.ActiveCfg = Release|Any CPU
		{2C817265-48DD-46F0-A31D-5E98FB5458DD}.Ad-Hoc|iPhoneSimulator.Build.0 = Release|Any CPU
		{2C817265-48DD-46F0-A31D-5E98FB5458DD}.Ad-Hoc|iPhoneSimulator.Deploy.0 = Release|Any CPU
		{2C817265-48DD-46F0-A31D-5E98FB5458DD}.AppStore|Any CPU.ActiveCfg = Release|Any CPU
		{2C817265-48DD-46F0-A31D-5E98FB5458DD}.AppStore|Any CPU.Build.0 = Release|Any CPU
		{2C817265-48DD-46F0-A31D-5E98FB5458DD}.AppStore|Any CPU.Deploy.0 = Release|Any CPU
		{2C817265-48DD-46F0-A31D-5E98FB5458DD}.AppStore|iPhone.ActiveCfg = Release|Any CPU
		{2C817265-48DD-46F0-A31D-5E98FB5458DD}.AppStore|iPhone.Build.0 = Release|Any CPU
		{2C817265-48DD-46F0-A31D-5E98FB5458DD}.AppStore|iPhone.Deploy.0 = Release|Any CPU
		{2C817265-48DD-46F0-A31D-5E98FB5458DD}.AppStore|iPhoneSimulator.ActiveCfg = Release|Any CPU
		{2C817265-48DD-46F0-A31D-5E98FB5458DD}.AppStore|iPhoneSimulator.Build.0 = Release|Any CPU
		{2C817265-48DD-46F0-A31D-5E98FB5458DD}.AppStore|iPhoneSimulator.Deploy.0 = Release|Any CPU
		{2C817265-48DD-46F0-A31D-5E98FB5458DD}.Debug|Any CPU.ActiveCfg = Debug|Any CPU
		{2C817265-48DD-46F0-A31D-5E98FB5458DD}.Debug|Any CPU.Build.0 = Debug|Any CPU
		{2C817265-48DD-46F0-A31D-5E98FB5458DD}.Debug|Any CPU.Deploy.0 = Debug|Any CPU
		{2C817265-48DD-46F0-A31D-5E98FB5458DD}.Debug|iPhone.ActiveCfg = Debug|Any CPU
		{2C817265-48DD-46F0-A31D-5E98FB5458DD}.Debug|iPhone.Build.0 = Debug|Any CPU
		{2C817265-48DD-46F0-A31D-5E98FB5458DD}.Debug|iPhone.Deploy.0 = Debug|Any CPU
		{2C817265-48DD-46F0-A31D-5E98FB5458DD}.Debug|iPhoneSimulator.ActiveCfg = Debug|Any CPU
		{2C817265-48DD-46F0-A31D-5E98FB5458DD}.Debug|iPhoneSimulator.Build.0 = Debug|Any CPU
		{2C817265-48DD-46F0-A31D-5E98FB5458DD}.Debug|iPhoneSimulator.Deploy.0 = Debug|Any CPU
		{2C817265-48DD-46F0-A31D-5E98FB5458DD}.Release|Any CPU.ActiveCfg = Release|Any CPU
		{2C817265-48DD-46F0-A31D-5E98FB5458DD}.Release|Any CPU.Build.0 = Release|Any CPU
		{2C817265-48DD-46F0-A31D-5E98FB5458DD}.Release|Any CPU.Deploy.0 = Release|Any CPU
		{2C817265-48DD-46F0-A31D-5E98FB5458DD}.Release|iPhone.ActiveCfg = Release|Any CPU
		{2C817265-48DD-46F0-A31D-5E98FB5458DD}.Release|iPhone.Build.0 = Release|Any CPU
		{2C817265-48DD-46F0-A31D-5E98FB5458DD}.Release|iPhone.Deploy.0 = Release|Any CPU
		{2C817265-48DD-46F0-A31D-5E98FB5458DD}.Release|iPhoneSimulator.ActiveCfg = Release|Any CPU
		{2C817265-48DD-46F0-A31D-5E98FB5458DD}.Release|iPhoneSimulator.Build.0 = Release|Any CPU
		{2C817265-48DD-46F0-A31D-5E98FB5458DD}.Release|iPhoneSimulator.Deploy.0 = Release|Any CPU
		{C60CA978-45D3-43D1-8853-9A29E6801D88}.Ad-Hoc|Any CPU.ActiveCfg = Ad-Hoc|iPhone
		{C60CA978-45D3-43D1-8853-9A29E6801D88}.Ad-Hoc|iPhone.ActiveCfg = Ad-Hoc|iPhone
		{C60CA978-45D3-43D1-8853-9A29E6801D88}.Ad-Hoc|iPhone.Build.0 = Ad-Hoc|iPhone
		{C60CA978-45D3-43D1-8853-9A29E6801D88}.Ad-Hoc|iPhoneSimulator.ActiveCfg = Ad-Hoc|iPhoneSimulator
		{C60CA978-45D3-43D1-8853-9A29E6801D88}.Ad-Hoc|iPhoneSimulator.Build.0 = Ad-Hoc|iPhoneSimulator
		{C60CA978-45D3-43D1-8853-9A29E6801D88}.AppStore|Any CPU.ActiveCfg = AppStore|iPhone
		{C60CA978-45D3-43D1-8853-9A29E6801D88}.AppStore|iPhone.ActiveCfg = AppStore|iPhone
		{C60CA978-45D3-43D1-8853-9A29E6801D88}.AppStore|iPhone.Build.0 = AppStore|iPhone
		{C60CA978-45D3-43D1-8853-9A29E6801D88}.AppStore|iPhoneSimulator.ActiveCfg = AppStore|iPhoneSimulator
		{C60CA978-45D3-43D1-8853-9A29E6801D88}.AppStore|iPhoneSimulator.Build.0 = AppStore|iPhoneSimulator
		{C60CA978-45D3-43D1-8853-9A29E6801D88}.Debug|Any CPU.ActiveCfg = Debug|iPhone
		{C60CA978-45D3-43D1-8853-9A29E6801D88}.Debug|iPhone.ActiveCfg = Debug|iPhone
		{C60CA978-45D3-43D1-8853-9A29E6801D88}.Debug|iPhone.Build.0 = Debug|iPhone
		{C60CA978-45D3-43D1-8853-9A29E6801D88}.Debug|iPhoneSimulator.ActiveCfg = Debug|iPhoneSimulator
		{C60CA978-45D3-43D1-8853-9A29E6801D88}.Debug|iPhoneSimulator.Build.0 = Debug|iPhoneSimulator
		{C60CA978-45D3-43D1-8853-9A29E6801D88}.Release|Any CPU.ActiveCfg = Release|iPhone
		{C60CA978-45D3-43D1-8853-9A29E6801D88}.Release|iPhone.ActiveCfg = Release|iPhone
		{C60CA978-45D3-43D1-8853-9A29E6801D88}.Release|iPhone.Build.0 = Release|iPhone
		{C60CA978-45D3-43D1-8853-9A29E6801D88}.Release|iPhoneSimulator.ActiveCfg = Release|iPhoneSimulator
		{C60CA978-45D3-43D1-8853-9A29E6801D88}.Release|iPhoneSimulator.Build.0 = Release|iPhoneSimulator
		{A53F4585-8B3A-45D8-A791-2AE034E7A839}.Ad-Hoc|Any CPU.ActiveCfg = Release|Any CPU
		{A53F4585-8B3A-45D8-A791-2AE034E7A839}.Ad-Hoc|Any CPU.Build.0 = Release|Any CPU
		{A53F4585-8B3A-45D8-A791-2AE034E7A839}.Ad-Hoc|Any CPU.Deploy.0 = Release|Any CPU
		{A53F4585-8B3A-45D8-A791-2AE034E7A839}.Ad-Hoc|iPhone.ActiveCfg = Release|Any CPU
		{A53F4585-8B3A-45D8-A791-2AE034E7A839}.Ad-Hoc|iPhone.Build.0 = Release|Any CPU
		{A53F4585-8B3A-45D8-A791-2AE034E7A839}.Ad-Hoc|iPhone.Deploy.0 = Release|Any CPU
		{A53F4585-8B3A-45D8-A791-2AE034E7A839}.Ad-Hoc|iPhoneSimulator.ActiveCfg = Release|Any CPU
		{A53F4585-8B3A-45D8-A791-2AE034E7A839}.Ad-Hoc|iPhoneSimulator.Build.0 = Release|Any CPU
		{A53F4585-8B3A-45D8-A791-2AE034E7A839}.Ad-Hoc|iPhoneSimulator.Deploy.0 = Release|Any CPU
		{A53F4585-8B3A-45D8-A791-2AE034E7A839}.AppStore|Any CPU.ActiveCfg = Release|Any CPU
		{A53F4585-8B3A-45D8-A791-2AE034E7A839}.AppStore|Any CPU.Build.0 = Release|Any CPU
		{A53F4585-8B3A-45D8-A791-2AE034E7A839}.AppStore|Any CPU.Deploy.0 = Release|Any CPU
		{A53F4585-8B3A-45D8-A791-2AE034E7A839}.AppStore|iPhone.ActiveCfg = Release|Any CPU
		{A53F4585-8B3A-45D8-A791-2AE034E7A839}.AppStore|iPhone.Build.0 = Release|Any CPU
		{A53F4585-8B3A-45D8-A791-2AE034E7A839}.AppStore|iPhone.Deploy.0 = Release|Any CPU
		{A53F4585-8B3A-45D8-A791-2AE034E7A839}.AppStore|iPhoneSimulator.ActiveCfg = Release|Any CPU
		{A53F4585-8B3A-45D8-A791-2AE034E7A839}.AppStore|iPhoneSimulator.Build.0 = Release|Any CPU
		{A53F4585-8B3A-45D8-A791-2AE034E7A839}.AppStore|iPhoneSimulator.Deploy.0 = Release|Any CPU
		{A53F4585-8B3A-45D8-A791-2AE034E7A839}.Debug|Any CPU.ActiveCfg = Debug|Any CPU
		{A53F4585-8B3A-45D8-A791-2AE034E7A839}.Debug|Any CPU.Build.0 = Debug|Any CPU
		{A53F4585-8B3A-45D8-A791-2AE034E7A839}.Debug|Any CPU.Deploy.0 = Debug|Any CPU
		{A53F4585-8B3A-45D8-A791-2AE034E7A839}.Debug|iPhone.ActiveCfg = Debug|Any CPU
		{A53F4585-8B3A-45D8-A791-2AE034E7A839}.Debug|iPhone.Build.0 = Debug|Any CPU
		{A53F4585-8B3A-45D8-A791-2AE034E7A839}.Debug|iPhone.Deploy.0 = Debug|Any CPU
		{A53F4585-8B3A-45D8-A791-2AE034E7A839}.Debug|iPhoneSimulator.ActiveCfg = Debug|Any CPU
		{A53F4585-8B3A-45D8-A791-2AE034E7A839}.Debug|iPhoneSimulator.Build.0 = Debug|Any CPU
		{A53F4585-8B3A-45D8-A791-2AE034E7A839}.Debug|iPhoneSimulator.Deploy.0 = Debug|Any CPU
		{A53F4585-8B3A-45D8-A791-2AE034E7A839}.Release|Any CPU.ActiveCfg = Release|Any CPU
		{A53F4585-8B3A-45D8-A791-2AE034E7A839}.Release|Any CPU.Build.0 = Release|Any CPU
		{A53F4585-8B3A-45D8-A791-2AE034E7A839}.Release|Any CPU.Deploy.0 = Release|Any CPU
		{A53F4585-8B3A-45D8-A791-2AE034E7A839}.Release|iPhone.ActiveCfg = Release|Any CPU
		{A53F4585-8B3A-45D8-A791-2AE034E7A839}.Release|iPhone.Build.0 = Release|Any CPU
		{A53F4585-8B3A-45D8-A791-2AE034E7A839}.Release|iPhone.Deploy.0 = Release|Any CPU
		{A53F4585-8B3A-45D8-A791-2AE034E7A839}.Release|iPhoneSimulator.ActiveCfg = Release|Any CPU
		{A53F4585-8B3A-45D8-A791-2AE034E7A839}.Release|iPhoneSimulator.Build.0 = Release|Any CPU
		{A53F4585-8B3A-45D8-A791-2AE034E7A839}.Release|iPhoneSimulator.Deploy.0 = Release|Any CPU
		{CD5D63B0-C0C6-418D-B5DB-59FDAF7A65C5}.Ad-Hoc|Any CPU.ActiveCfg = Release|iPhone
		{CD5D63B0-C0C6-418D-B5DB-59FDAF7A65C5}.Ad-Hoc|Any CPU.Build.0 = Release|iPhone
		{CD5D63B0-C0C6-418D-B5DB-59FDAF7A65C5}.Ad-Hoc|iPhone.ActiveCfg = Release|iPhone
		{CD5D63B0-C0C6-418D-B5DB-59FDAF7A65C5}.Ad-Hoc|iPhone.Build.0 = Release|iPhone
		{CD5D63B0-C0C6-418D-B5DB-59FDAF7A65C5}.Ad-Hoc|iPhoneSimulator.ActiveCfg = Release|iPhoneSimulator
		{CD5D63B0-C0C6-418D-B5DB-59FDAF7A65C5}.Ad-Hoc|iPhoneSimulator.Build.0 = Release|iPhoneSimulator
		{CD5D63B0-C0C6-418D-B5DB-59FDAF7A65C5}.AppStore|Any CPU.ActiveCfg = Release|iPhone
		{CD5D63B0-C0C6-418D-B5DB-59FDAF7A65C5}.AppStore|Any CPU.Build.0 = Release|iPhone
		{CD5D63B0-C0C6-418D-B5DB-59FDAF7A65C5}.AppStore|iPhone.ActiveCfg = Release|iPhone
		{CD5D63B0-C0C6-418D-B5DB-59FDAF7A65C5}.AppStore|iPhone.Build.0 = Release|iPhone
		{CD5D63B0-C0C6-418D-B5DB-59FDAF7A65C5}.AppStore|iPhoneSimulator.ActiveCfg = Release|iPhoneSimulator
		{CD5D63B0-C0C6-418D-B5DB-59FDAF7A65C5}.AppStore|iPhoneSimulator.Build.0 = Release|iPhoneSimulator
		{CD5D63B0-C0C6-418D-B5DB-59FDAF7A65C5}.Debug|Any CPU.ActiveCfg = Debug|iPhone
		{CD5D63B0-C0C6-418D-B5DB-59FDAF7A65C5}.Debug|iPhone.ActiveCfg = Debug|iPhone
		{CD5D63B0-C0C6-418D-B5DB-59FDAF7A65C5}.Debug|iPhone.Build.0 = Debug|iPhone
		{CD5D63B0-C0C6-418D-B5DB-59FDAF7A65C5}.Debug|iPhoneSimulator.ActiveCfg = Debug|iPhoneSimulator
		{CD5D63B0-C0C6-418D-B5DB-59FDAF7A65C5}.Debug|iPhoneSimulator.Build.0 = Debug|iPhoneSimulator
		{CD5D63B0-C0C6-418D-B5DB-59FDAF7A65C5}.Release|Any CPU.ActiveCfg = Release|iPhone
		{CD5D63B0-C0C6-418D-B5DB-59FDAF7A65C5}.Release|iPhone.ActiveCfg = Release|iPhone
		{CD5D63B0-C0C6-418D-B5DB-59FDAF7A65C5}.Release|iPhone.Build.0 = Release|iPhone
		{CD5D63B0-C0C6-418D-B5DB-59FDAF7A65C5}.Release|iPhoneSimulator.ActiveCfg = Release|iPhoneSimulator
		{CD5D63B0-C0C6-418D-B5DB-59FDAF7A65C5}.Release|iPhoneSimulator.Build.0 = Release|iPhoneSimulator
	EndGlobalSection
	GlobalSection(SolutionProperties) = preSolution
		HideSolutionNode = FALSE
	EndGlobalSection
	GlobalSection(ExtensibilityGlobals) = postSolution
		SolutionGuid = {8AB72B53-DFC2-4569-9D3F-E21D19300B2C}
	EndGlobalSection
EndGlobal
